
Microsoft Visual Studio Solution File, Format Version 12.00
# Visual Studio Version 17
VisualStudioVersion = 17.11.35312.102
MinimumVisualStudioVersion = 10.0.40219.1
Project("{FAE04EC0-301F-11D3-BF4B-00C04F79EFBC}") = "Back_KitLan", "Back_KitLan\Back_KitLan.csproj", "{3833DF52-BF8E-4605-AF6F-D138F6743937}"
EndProject
Global
	GlobalSection(SolutionConfigurationPlatforms) = preSolution
		Debug|Any CPU = Debug|Any CPU
		Release|Any CPU = Release|Any CPU
	EndGlobalSection
	GlobalSection(ProjectConfigurationPlatforms) = postSolution
		{3833DF52-BF8E-4605-AF6F-D138F6743937}.Debug|Any CPU.ActiveCfg = Debug|Any CPU
		{3833DF52-BF8E-4605-AF6F-D138F6743937}.Debug|Any CPU.Build.0 = Debug|Any CPU
		{3833DF52-BF8E-4605-AF6F-D138F6743937}.Release|Any CPU.ActiveCfg = Release|Any CPU
		{3833DF52-BF8E-4605-AF6F-D138F6743937}.Release|Any CPU.Build.0 = Release|Any CPU
	EndGlobalSection
	GlobalSection(SolutionProperties) = preSolution
		HideSolutionNode = FALSE
	EndGlobalSection
	GlobalSection(ExtensibilityGlobals) = postSolution
		SolutionGuid = {9D74F421-F58D-41BB-9DF8-C1463E575D3C}
	EndGlobalSection
EndGlobal
